PODS:
  - AsyncDisplayKit (1.2.2):
    - AsyncDisplayKit/ASDealloc2MainObject (= 1.2.2)
  - AsyncDisplayKit/ASDealloc2MainObject (1.2.2)

DEPENDENCIES:
  - AsyncDisplayKit (from `https://github.com/eanagel/AsyncDisplayKit.git`, branch
    `auto-adjust-content-offset`)

EXTERNAL SOURCES:
  AsyncDisplayKit:
    :branch: auto-adjust-content-offset
    :git: https://github.com/eanagel/AsyncDisplayKit.git

CHECKOUT OPTIONS:
  AsyncDisplayKit:
    :commit: 023ccda71dae13fbbad1011c4da78609b5897b2c
    :git: https://github.com/eanagel/AsyncDisplayKit.git

SPEC CHECKSUMS:
  AsyncDisplayKit: 70634bfc4bce38b0de85fec7da20a669fdbc8809

COCOAPODS: 0.37.2
